
Microsoft Visual Studio Solution File, Format Version 12.00
# Visual Studio Version 17
VisualStudioVersion = 17.0.31903.59
MinimumVisualStudioVersion = 10.0.40219.1
Project("{FAE04EC0-301F-11D3-BF4B-00C04F79EFBC}") = "FabricMethod", "FabriMethod\FabricMethod.csproj", "{9F1C6BE5-350F-47C1-9424-C6B2B50E9AD7}"
EndProject
Project("{FAE04EC0-301F-11D3-BF4B-00C04F79EFBC}") = "AbstractFabric", "AbstractFabric\AbstractFabric.csproj", "{7EDE5948-73E5-408B-9BD8-8F270030DCE9}"
EndProject
Project("{FAE04EC0-301F-11D3-BF4B-00C04F79EFBC}") = "Singleton", "Singleton\Singleton.csproj", "{63647E56-53A5-4585-9AAC-759153CC487D}"
EndProject
Project("{FAE04EC0-301F-11D3-BF4B-00C04F79EFBC}") = "Prototype", "Prototype\Prototype.csproj", "{A3D54C19-F37F-43F6-9144-C8227CC7808B}"
EndProject
Project("{FAE04EC0-301F-11D3-BF4B-00C04F79EFBC}") = "Builder", "Builder\Builder.csproj", "{89726F7D-FFEC-4149-AE65-5EE31ED8E37F}"
EndProject
Project("{FAE04EC0-301F-11D3-BF4B-00C04F79EFBC}") = "Adapter", "Adapter\Adapter.csproj", "{4B260811-41DF-4BD9-B840-16B01B9885D8}"
EndProject
Project("{FAE04EC0-301F-11D3-BF4B-00C04F79EFBC}") = "Decorator", "Decorator\Decorator.csproj", "{1C16CB3E-F17B-47B2-8118-23653FAA7E09}"
EndProject
Project("{FAE04EC0-301F-11D3-BF4B-00C04F79EFBC}") = "Bridge", "Bridge\Bridge.csproj", "{06A8E969-3721-4360-A752-45AD94397483}"
EndProject
Project("{FAE04EC0-301F-11D3-BF4B-00C04F79EFBC}") = "Chain", "Chain\Chain.csproj", "{E1A11111-1111-4A11-A111-111111111111}"
EndProject
Project("{FAE04EC0-301F-11D3-BF4B-00C04F79EFBC}") = "Mediator", "Mediator\Mediator.csproj", "{E2B22222-2222-4B22-B222-222222222222}"
EndProject
Project("{FAE04EC0-301F-11D3-BF4B-00C04F79EFBC}") = "Editor", "Editor\Editor.csproj", "{E3C33333-3333-4C33-C333-333333333333}"
EndProject
Project("{FAE04EC0-301F-11D3-BF4B-00C04F79EFBC}") = "Proxy", "Proxy\Proxy.csproj", "{F4D44444-4444-4D44-D444-444444444444}"
EndProject
Project("{FAE04EC0-301F-11D3-BF4B-00C04F79EFBC}") = "LightHTML", "LightHTML\LightHTML.csproj", "{F5E55555-5555-4E55-E555-555555555555}"
EndProject
Global
	GlobalSection(SolutionConfigurationPlatforms) = preSolution
		Debug|Any CPU = Debug|Any CPU
		Debug|x64 = Debug|x64
		Debug|x86 = Debug|x86
		Release|Any CPU = Release|Any CPU
		Release|x64 = Release|x64
		Release|x86 = Release|x86
	EndGlobalSection
	GlobalSection(ProjectConfigurationPlatforms) = postSolution
		{9F1C6BE5-350F-47C1-9424-C6B2B50E9AD7}.Debug|Any CPU.ActiveCfg = Debug|Any CPU
		{9F1C6BE5-350F-47C1-9424-C6B2B50E9AD7}.Debug|Any CPU.Build.0 = Debug|Any CPU
		{9F1C6BE5-350F-47C1-9424-C6B2B50E9AD7}.Debug|x64.ActiveCfg = Debug|Any CPU
		{9F1C6BE5-350F-47C1-9424-C6B2B50E9AD7}.Debug|x64.Build.0 = Debug|Any CPU
		{9F1C6BE5-350F-47C1-9424-C6B2B50E9AD7}.Debug|x86.ActiveCfg = Debug|Any CPU
		{9F1C6BE5-350F-47C1-9424-C6B2B50E9AD7}.Debug|x86.Build.0 = Debug|Any CPU
		{9F1C6BE5-350F-47C1-9424-C6B2B50E9AD7}.Release|Any CPU.ActiveCfg = Release|Any CPU
		{9F1C6BE5-350F-47C1-9424-C6B2B50E9AD7}.Release|Any CPU.Build.0 = Release|Any CPU
		{9F1C6BE5-350F-47C1-9424-C6B2B50E9AD7}.Release|x64.ActiveCfg = Release|Any CPU
		{9F1C6BE5-350F-47C1-9424-C6B2B50E9AD7}.Release|x64.Build.0 = Release|Any CPU
		{9F1C6BE5-350F-47C1-9424-C6B2B50E9AD7}.Release|x86.ActiveCfg = Release|Any CPU
		{9F1C6BE5-350F-47C1-9424-C6B2B50E9AD7}.Release|x86.Build.0 = Release|Any CPU
		{7EDE5948-73E5-408B-9BD8-8F270030DCE9}.Debug|Any CPU.ActiveCfg = Debug|Any CPU
		{7EDE5948-73E5-408B-9BD8-8F270030DCE9}.Debug|Any CPU.Build.0 = Debug|Any CPU
		{7EDE5948-73E5-408B-9BD8-8F270030DCE9}.Debug|x64.ActiveCfg = Debug|Any CPU
		{7EDE5948-73E5-408B-9BD8-8F270030DCE9}.Debug|x64.Build.0 = Debug|Any CPU
		{7EDE5948-73E5-408B-9BD8-8F270030DCE9}.Debug|x86.ActiveCfg = Debug|Any CPU
		{7EDE5948-73E5-408B-9BD8-8F270030DCE9}.Debug|x86.Build.0 = Debug|Any CPU
		{7EDE5948-73E5-408B-9BD8-8F270030DCE9}.Release|Any CPU.ActiveCfg = Release|Any CPU
		{7EDE5948-73E5-408B-9BD8-8F270030DCE9}.Release|Any CPU.Build.0 = Release|Any CPU
		{7EDE5948-73E5-408B-9BD8-8F270030DCE9}.Release|x64.ActiveCfg = Release|Any CPU
		{7EDE5948-73E5-408B-9BD8-8F270030DCE9}.Release|x64.Build.0 = Release|Any CPU
		{7EDE5948-73E5-408B-9BD8-8F270030DCE9}.Release|x86.ActiveCfg = Release|Any CPU
		{7EDE5948-73E5-408B-9BD8-8F270030DCE9}.Release|x86.Build.0 = Release|Any CPU
		{63647E56-53A5-4585-9AAC-759153CC487D}.Debug|Any CPU.ActiveCfg = Debug|Any CPU
		{63647E56-53A5-4585-9AAC-759153CC487D}.Debug|Any CPU.Build.0 = Debug|Any CPU
		{63647E56-53A5-4585-9AAC-759153CC487D}.Debug|x64.ActiveCfg = Debug|Any CPU
		{63647E56-53A5-4585-9AAC-759153CC487D}.Debug|x64.Build.0 = Debug|Any CPU
		{63647E56-53A5-4585-9AAC-759153CC487D}.Debug|x86.ActiveCfg = Debug|Any CPU
		{63647E56-53A5-4585-9AAC-759153CC487D}.Debug|x86.Build.0 = Debug|Any CPU
		{63647E56-53A5-4585-9AAC-759153CC487D}.Release|Any CPU.ActiveCfg = Release|Any CPU
		{63647E56-53A5-4585-9AAC-759153CC487D}.Release|Any CPU.Build.0 = Release|Any CPU
		{63647E56-53A5-4585-9AAC-759153CC487D}.Release|x64.ActiveCfg = Release|Any CPU
		{63647E56-53A5-4585-9AAC-759153CC487D}.Release|x64.Build.0 = Release|Any CPU
		{63647E56-53A5-4585-9AAC-759153CC487D}.Release|x86.ActiveCfg = Release|Any CPU
		{63647E56-53A5-4585-9AAC-759153CC487D}.Release|x86.Build.0 = Release|Any CPU
		{A3D54C19-F37F-43F6-9144-C8227CC7808B}.Debug|Any CPU.ActiveCfg = Debug|Any CPU
		{A3D54C19-F37F-43F6-9144-C8227CC7808B}.Debug|Any CPU.Build.0 = Debug|Any CPU
		{A3D54C19-F37F-43F6-9144-C8227CC7808B}.Debug|x64.ActiveCfg = Debug|Any CPU
		{A3D54C19-F37F-43F6-9144-C8227CC7808B}.Debug|x64.Build.0 = Debug|Any CPU
		{A3D54C19-F37F-43F6-9144-C8227CC7808B}.Debug|x86.ActiveCfg = Debug|Any CPU
		{A3D54C19-F37F-43F6-9144-C8227CC7808B}.Debug|x86.Build.0 = Debug|Any CPU
		{A3D54C19-F37F-43F6-9144-C8227CC7808B}.Release|Any CPU.ActiveCfg = Release|Any CPU
		{A3D54C19-F37F-43F6-9144-C8227CC7808B}.Release|Any CPU.Build.0 = Release|Any CPU
		{A3D54C19-F37F-43F6-9144-C8227CC7808B}.Release|x64.ActiveCfg = Release|Any CPU
		{A3D54C19-F37F-43F6-9144-C8227CC7808B}.Release|x64.Build.0 = Release|Any CPU
		{A3D54C19-F37F-43F6-9144-C8227CC7808B}.Release|x86.ActiveCfg = Release|Any CPU
		{A3D54C19-F37F-43F6-9144-C8227CC7808B}.Release|x86.Build.0 = Release|Any CPU
		{89726F7D-FFEC-4149-AE65-5EE31ED8E37F}.Debug|Any CPU.ActiveCfg = Debug|Any CPU
		{89726F7D-FFEC-4149-AE65-5EE31ED8E37F}.Debug|Any CPU.Build.0 = Debug|Any CPU
		{89726F7D-FFEC-4149-AE65-5EE31ED8E37F}.Debug|x64.ActiveCfg = Debug|Any CPU
		{89726F7D-FFEC-4149-AE65-5EE31ED8E37F}.Debug|x64.Build.0 = Debug|Any CPU
		{89726F7D-FFEC-4149-AE65-5EE31ED8E37F}.Debug|x86.ActiveCfg = Debug|Any CPU
		{89726F7D-FFEC-4149-AE65-5EE31ED8E37F}.Debug|x86.Build.0 = Debug|Any CPU
		{89726F7D-FFEC-4149-AE65-5EE31ED8E37F}.Release|Any CPU.ActiveCfg = Release|Any CPU
		{89726F7D-FFEC-4149-AE65-5EE31ED8E37F}.Release|Any CPU.Build.0 = Release|Any CPU
		{89726F7D-FFEC-4149-AE65-5EE31ED8E37F}.Release|x64.ActiveCfg = Release|Any CPU
		{89726F7D-FFEC-4149-AE65-5EE31ED8E37F}.Release|x64.Build.0 = Release|Any CPU
		{89726F7D-FFEC-4149-AE65-5EE31ED8E37F}.Release|x86.ActiveCfg = Release|Any CPU
		{89726F7D-FFEC-4149-AE65-5EE31ED8E37F}.Release|x86.Build.0 = Release|Any CPU
		{4B260811-41DF-4BD9-B840-16B01B9885D8}.Debug|Any CPU.ActiveCfg = Debug|Any CPU
		{4B260811-41DF-4BD9-B840-16B01B9885D8}.Debug|Any CPU.Build.0 = Debug|Any CPU
		{4B260811-41DF-4BD9-B840-16B01B9885D8}.Debug|x64.ActiveCfg = Debug|Any CPU
		{4B260811-41DF-4BD9-B840-16B01B9885D8}.Debug|x64.Build.0 = Debug|Any CPU
		{4B260811-41DF-4BD9-B840-16B01B9885D8}.Debug|x86.ActiveCfg = Debug|Any CPU
		{4B260811-41DF-4BD9-B840-16B01B9885D8}.Debug|x86.Build.0 = Debug|Any CPU
		{4B260811-41DF-4BD9-B840-16B01B9885D8}.Release|Any CPU.ActiveCfg = Release|Any CPU
		{4B260811-41DF-4BD9-B840-16B01B9885D8}.Release|Any CPU.Build.0 = Release|Any CPU
		{4B260811-41DF-4BD9-B840-16B01B9885D8}.Release|x64.ActiveCfg = Release|Any CPU
		{4B260811-41DF-4BD9-B840-16B01B9885D8}.Release|x64.Build.0 = Release|Any CPU
		{4B260811-41DF-4BD9-B840-16B01B9885D8}.Release|x86.ActiveCfg = Release|Any CPU
		{4B260811-41DF-4BD9-B840-16B01B9885D8}.Release|x86.Build.0 = Release|Any CPU
		{1C16CB3E-F17B-47B2-8118-23653FAA7E09}.Debug|Any CPU.ActiveCfg = Debug|Any CPU
		{1C16CB3E-F17B-47B2-8118-23653FAA7E09}.Debug|Any CPU.Build.0 = Debug|Any CPU
		{1C16CB3E-F17B-47B2-8118-23653FAA7E09}.Debug|x64.ActiveCfg = Debug|Any CPU
		{1C16CB3E-F17B-47B2-8118-23653FAA7E09}.Debug|x64.Build.0 = Debug|Any CPU
		{1C16CB3E-F17B-47B2-8118-23653FAA7E09}.Debug|x86.ActiveCfg = Debug|Any CPU
		{1C16CB3E-F17B-47B2-8118-23653FAA7E09}.Debug|x86.Build.0 = Debug|Any CPU
		{1C16CB3E-F17B-47B2-8118-23653FAA7E09}.Release|Any CPU.ActiveCfg = Release|Any CPU
		{1C16CB3E-F17B-47B2-8118-23653FAA7E09}.Release|Any CPU.Build.0 = Release|Any CPU
		{1C16CB3E-F17B-47B2-8118-23653FAA7E09}.Release|x64.ActiveCfg = Release|Any CPU
		{1C16CB3E-F17B-47B2-8118-23653FAA7E09}.Release|x64.Build.0 = Release|Any CPU
		{1C16CB3E-F17B-47B2-8118-23653FAA7E09}.Release|x86.ActiveCfg = Release|Any CPU
		{1C16CB3E-F17B-47B2-8118-23653FAA7E09}.Release|x86.Build.0 = Release|Any CPU
		{06A8E969-3721-4360-A752-45AD94397483}.Debug|Any CPU.ActiveCfg = Debug|Any CPU
		{06A8E969-3721-4360-A752-45AD94397483}.Debug|Any CPU.Build.0 = Debug|Any CPU
		{06A8E969-3721-4360-A752-45AD94397483}.Debug|x64.ActiveCfg = Debug|Any CPU
		{06A8E969-3721-4360-A752-45AD94397483}.Debug|x64.Build.0 = Debug|Any CPU
		{06A8E969-3721-4360-A752-45AD94397483}.Debug|x86.ActiveCfg = Debug|Any CPU
		{06A8E969-3721-4360-A752-45AD94397483}.Debug|x86.Build.0 = Debug|Any CPU
		{06A8E969-3721-4360-A752-45AD94397483}.Release|Any CPU.ActiveCfg = Release|Any CPU
		{06A8E969-3721-4360-A752-45AD94397483}.Release|Any CPU.Build.0 = Release|Any CPU
		{06A8E969-3721-4360-A752-45AD94397483}.Release|x64.ActiveCfg = Release|Any CPU
		{06A8E969-3721-4360-A752-45AD94397483}.Release|x64.Build.0 = Release|Any CPU
		{06A8E969-3721-4360-A752-45AD94397483}.Release|x86.ActiveCfg = Release|Any CPU
		{06A8E969-3721-4360-A752-45AD94397483}.Release|x86.Build.0 = Release|Any CPU
		{E1A11111-1111-4A11-A111-111111111111}.Debug|Any CPU.ActiveCfg = Debug|Any CPU
		{E1A11111-1111-4A11-A111-111111111111}.Debug|Any CPU.Build.0 = Debug|Any CPU
		{E1A11111-1111-4A11-A111-111111111111}.Debug|x64.ActiveCfg = Debug|Any CPU
		{E1A11111-1111-4A11-A111-111111111111}.Debug|x64.Build.0 = Debug|Any CPU
		{E1A11111-1111-4A11-A111-111111111111}.Debug|x86.ActiveCfg = Debug|Any CPU
		{E1A11111-1111-4A11-A111-111111111111}.Debug|x86.Build.0 = Debug|Any CPU
		{E1A11111-1111-4A11-A111-111111111111}.Release|Any CPU.ActiveCfg = Release|Any CPU
		{E1A11111-1111-4A11-A111-111111111111}.Release|Any CPU.Build.0 = Release|Any CPU
		{E1A11111-1111-4A11-A111-111111111111}.Release|x64.ActiveCfg = Release|Any CPU
		{E1A11111-1111-4A11-A111-111111111111}.Release|x64.Build.0 = Release|Any CPU
		{E1A11111-1111-4A11-A111-111111111111}.Release|x86.ActiveCfg = Release|Any CPU
		{E1A11111-1111-4A11-A111-111111111111}.Release|x86.Build.0 = Release|Any CPU
		{E2B22222-2222-4B22-B222-222222222222}.Debug|Any CPU.ActiveCfg = Debug|Any CPU
		{E2B22222-2222-4B22-B222-222222222222}.Debug|Any CPU.Build.0 = Debug|Any CPU
		{E2B22222-2222-4B22-B222-222222222222}.Debug|x64.ActiveCfg = Debug|Any CPU
		{E2B22222-2222-4B22-B222-222222222222}.Debug|x64.Build.0 = Debug|Any CPU
		{E2B22222-2222-4B22-B222-222222222222}.Debug|x86.ActiveCfg = Debug|Any CPU
		{E2B22222-2222-4B22-B222-222222222222}.Debug|x86.Build.0 = Debug|Any CPU
		{E2B22222-2222-4B22-B222-222222222222}.Release|Any CPU.ActiveCfg = Release|Any CPU
		{E2B22222-2222-4B22-B222-222222222222}.Release|Any CPU.Build.0 = Release|Any CPU
		{E2B22222-2222-4B22-B222-222222222222}.Release|x64.ActiveCfg = Release|Any CPU
		{E2B22222-2222-4B22-B222-222222222222}.Release|x64.Build.0 = Release|Any CPU
		{E2B22222-2222-4B22-B222-222222222222}.Release|x86.ActiveCfg = Release|Any CPU
		{E2B22222-2222-4B22-B222-222222222222}.Release|x86.Build.0 = Release|Any CPU
		{E3C33333-3333-4C33-C333-333333333333}.Debug|Any CPU.ActiveCfg = Debug|Any CPU
		{E3C33333-3333-4C33-C333-333333333333}.Debug|Any CPU.Build.0 = Debug|Any CPU
		{E3C33333-3333-4C33-C333-333333333333}.Debug|x64.ActiveCfg = Debug|Any CPU
		{E3C33333-3333-4C33-C333-333333333333}.Debug|x64.Build.0 = Debug|Any CPU
		{E3C33333-3333-4C33-C333-333333333333}.Debug|x86.ActiveCfg = Debug|Any CPU
		{E3C33333-3333-4C33-C333-333333333333}.Debug|x86.Build.0 = Debug|Any CPU
		{E3C33333-3333-4C33-C333-333333333333}.Release|Any CPU.ActiveCfg = Release|Any CPU
		{E3C33333-3333-4C33-C333-333333333333}.Release|Any CPU.Build.0 = Release|Any CPU
		{E3C33333-3333-4C33-C333-333333333333}.Release|x64.ActiveCfg = Release|Any CPU
		{E3C33333-3333-4C33-C333-333333333333}.Release|x64.Build.0 = Release|Any CPU
		{E3C33333-3333-4C33-C333-333333333333}.Release|x86.ActiveCfg = Release|Any CPU
		{E3C33333-3333-4C33-C333-333333333333}.Release|x86.Build.0 = Release|Any CPU
		{F4D44444-4444-4D44-D444-444444444444}.Debug|Any CPU.ActiveCfg = Debug|Any CPU
		{F4D44444-4444-4D44-D444-444444444444}.Debug|Any CPU.Build.0 = Debug|Any CPU
		{F4D44444-4444-4D44-D444-444444444444}.Debug|x64.ActiveCfg = Debug|Any CPU
		{F4D44444-4444-4D44-D444-444444444444}.Debug|x64.Build.0 = Debug|Any CPU
		{F4D44444-4444-4D44-D444-444444444444}.Debug|x86.ActiveCfg = Debug|Any CPU
		{F4D44444-4444-4D44-D444-444444444444}.Debug|x86.Build.0 = Debug|Any CPU
		{F4D44444-4444-4D44-D444-444444444444}.Release|Any CPU.ActiveCfg = Release|Any CPU
		{F4D44444-4444-4D44-D444-444444444444}.Release|Any CPU.Build.0 = Release|Any CPU
		{F4D44444-4444-4D44-D444-444444444444}.Release|x64.ActiveCfg = Release|Any CPU
		{F4D44444-4444-4D44-D444-444444444444}.Release|x64.Build.0 = Release|Any CPU
		{F4D44444-4444-4D44-D444-444444444444}.Release|x86.ActiveCfg = Release|Any CPU
		{F4D44444-4444-4D44-D444-444444444444}.Release|x86.Build.0 = Release|Any CPU
		{F5E55555-5555-4E55-E555-555555555555}.Debug|Any CPU.ActiveCfg = Debug|Any CPU
		{F5E55555-5555-4E55-E555-555555555555}.Debug|Any CPU.Build.0 = Debug|Any CPU
		{F5E55555-5555-4E55-E555-555555555555}.Debug|x64.ActiveCfg = Debug|Any CPU
		{F5E55555-5555-4E55-E555-555555555555}.Debug|x64.Build.0 = Debug|Any CPU
		{F5E55555-5555-4E55-E555-555555555555}.Debug|x86.ActiveCfg = Debug|Any CPU
		{F5E55555-5555-4E55-E555-555555555555}.Debug|x86.Build.0 = Debug|Any CPU
		{F5E55555-5555-4E55-E555-555555555555}.Release|Any CPU.ActiveCfg = Release|Any CPU
		{F5E55555-5555-4E55-E555-555555555555}.Release|Any CPU.Build.0 = Release|Any CPU
		{F5E55555-5555-4E55-E555-555555555555}.Release|x64.ActiveCfg = Release|Any CPU
		{F5E55555-5555-4E55-E555-555555555555}.Release|x64.Build.0 = Release|Any CPU
		{F5E55555-5555-4E55-E555-555555555555}.Release|x86.ActiveCfg = Release|Any CPU
		{F5E55555-5555-4E55-E555-555555555555}.Release|x86.Build.0 = Release|Any CPU
	EndGlobalSection
	GlobalSection(SolutionProperties) = preSolution
		HideSolutionNode = FALSE
	EndGlobalSection
EndGlobal
