
Microsoft Visual Studio Solution File, Format Version 12.00
# Visual Studio Version 17
VisualStudioVersion = 17.0.31903.59
MinimumVisualStudioVersion = 10.0.40219.1
Project("{FAE04EC0-301F-11D3-BF4B-00C04F79EFBC}") = "FabricMethod", "FabriMethod\FabricMethod.csproj", "{9F1C6BE5-350F-47C1-9424-C6B2B50E9AD7}"
EndProject
Project("{FAE04EC0-301F-11D3-BF4B-00C04F79EFBC}") = "AbstractFabric", "AbstractFabric\AbstractFabric.csproj", "{7EDE5948-73E5-408B-9BD8-8F270030DCE9}"
EndProject
Project("{FAE04EC0-301F-11D3-BF4B-00C04F79EFBC}") = "Singleton", "Singleton\Singleton.csproj", "{63647E56-53A5-4585-9AAC-759153CC487D}"
EndProject
Project("{FAE04EC0-301F-11D3-BF4B-00C04F79EFBC}") = "Prototype", "Prototype\Prototype.csproj", "{A3D54C19-F37F-43F6-9144-C8227CC7808B}"
EndProject
Project("{FAE04EC0-301F-11D3-BF4B-00C04F79EFBC}") = "Builder", "Builder\Builder.csproj", "{89726F7D-FFEC-4149-AE65-5EE31ED8E37F}"
EndProject
Project("{FAE04EC0-301F-11D3-BF4B-00C04F79EFBC}") = "Adapter", "Adapter\Adapter.csproj", "{4B260811-41DF-4BD9-B840-16B01B9885D8}"
EndProject
Global
	GlobalSection(SolutionConfigurationPlatforms) = preSolution
		Debug|Any CPU = Debug|Any CPU
		Debug|x64 = Debug|x64
		Debug|x86 = Debug|x86
		Release|Any CPU = Release|Any CPU
		Release|x64 = Release|x64
		Release|x86 = Release|x86
	EndGlobalSection
	GlobalSection(ProjectConfigurationPlatforms) = postSolution
		{9F1C6BE5-350F-47C1-9424-C6B2B50E9AD7}.Debug|Any CPU.ActiveCfg = Debug|Any CPU
		{9F1C6BE5-350F-47C1-9424-C6B2B50E9AD7}.Debug|Any CPU.Build.0 = Debug|Any CPU
		{9F1C6BE5-350F-47C1-9424-C6B2B50E9AD7}.Debug|x64.ActiveCfg = Debug|Any CPU
		{9F1C6BE5-350F-47C1-9424-C6B2B50E9AD7}.Debug|x64.Build.0 = Debug|Any CPU
		{9F1C6BE5-350F-47C1-9424-C6B2B50E9AD7}.Debug|x86.ActiveCfg = Debug|Any CPU
		{9F1C6BE5-350F-47C1-9424-C6B2B50E9AD7}.Debug|x86.Build.0 = Debug|Any CPU
		{9F1C6BE5-350F-47C1-9424-C6B2B50E9AD7}.Release|Any CPU.ActiveCfg = Release|Any CPU
		{9F1C6BE5-350F-47C1-9424-C6B2B50E9AD7}.Release|Any CPU.Build.0 = Release|Any CPU
		{9F1C6BE5-350F-47C1-9424-C6B2B50E9AD7}.Release|x64.ActiveCfg = Release|Any CPU
		{9F1C6BE5-350F-47C1-9424-C6B2B50E9AD7}.Release|x64.Build.0 = Release|Any CPU
		{9F1C6BE5-350F-47C1-9424-C6B2B50E9AD7}.Release|x86.ActiveCfg = Release|Any CPU
		{9F1C6BE5-350F-47C1-9424-C6B2B50E9AD7}.Release|x86.Build.0 = Release|Any CPU
		{7EDE5948-73E5-408B-9BD8-8F270030DCE9}.Debug|Any CPU.ActiveCfg = Debug|Any CPU
		{7EDE5948-73E5-408B-9BD8-8F270030DCE9}.Debug|Any CPU.Build.0 = Debug|Any CPU
		{7EDE5948-73E5-408B-9BD8-8F270030DCE9}.Debug|x64.ActiveCfg = Debug|Any CPU
		{7EDE5948-73E5-408B-9BD8-8F270030DCE9}.Debug|x64.Build.0 = Debug|Any CPU
		{7EDE5948-73E5-408B-9BD8-8F270030DCE9}.Debug|x86.ActiveCfg = Debug|Any CPU
		{7EDE5948-73E5-408B-9BD8-8F270030DCE9}.Debug|x86.Build.0 = Debug|Any CPU
		{7EDE5948-73E5-408B-9BD8-8F270030DCE9}.Release|Any CPU.ActiveCfg = Release|Any CPU
		{7EDE5948-73E5-408B-9BD8-8F270030DCE9}.Release|Any CPU.Build.0 = Release|Any CPU
		{7EDE5948-73E5-408B-9BD8-8F270030DCE9}.Release|x64.ActiveCfg = Release|Any CPU
		{7EDE5948-73E5-408B-9BD8-8F270030DCE9}.Release|x64.Build.0 = Release|Any CPU
		{7EDE5948-73E5-408B-9BD8-8F270030DCE9}.Release|x86.ActiveCfg = Release|Any CPU
		{7EDE5948-73E5-408B-9BD8-8F270030DCE9}.Release|x86.Build.0 = Release|Any CPU
		{63647E56-53A5-4585-9AAC-759153CC487D}.Debug|Any CPU.ActiveCfg = Debug|Any CPU
		{63647E56-53A5-4585-9AAC-759153CC487D}.Debug|Any CPU.Build.0 = Debug|Any CPU
		{63647E56-53A5-4585-9AAC-759153CC487D}.Debug|x64.ActiveCfg = Debug|Any CPU
		{63647E56-53A5-4585-9AAC-759153CC487D}.Debug|x64.Build.0 = Debug|Any CPU
		{63647E56-53A5-4585-9AAC-759153CC487D}.Debug|x86.ActiveCfg = Debug|Any CPU
		{63647E56-53A5-4585-9AAC-759153CC487D}.Debug|x86.Build.0 = Debug|Any CPU
		{63647E56-53A5-4585-9AAC-759153CC487D}.Release|Any CPU.ActiveCfg = Release|Any CPU
		{63647E56-53A5-4585-9AAC-759153CC487D}.Release|Any CPU.Build.0 = Release|Any CPU
		{63647E56-53A5-4585-9AAC-759153CC487D}.Release|x64.ActiveCfg = Release|Any CPU
		{63647E56-53A5-4585-9AAC-759153CC487D}.Release|x64.Build.0 = Release|Any CPU
		{63647E56-53A5-4585-9AAC-759153CC487D}.Release|x86.ActiveCfg = Release|Any CPU
		{63647E56-53A5-4585-9AAC-759153CC487D}.Release|x86.Build.0 = Release|Any CPU
		{A3D54C19-F37F-43F6-9144-C8227CC7808B}.Debug|Any CPU.ActiveCfg = Debug|Any CPU
		{A3D54C19-F37F-43F6-9144-C8227CC7808B}.Debug|Any CPU.Build.0 = Debug|Any CPU
		{A3D54C19-F37F-43F6-9144-C8227CC7808B}.Debug|x64.ActiveCfg = Debug|Any CPU
		{A3D54C19-F37F-43F6-9144-C8227CC7808B}.Debug|x64.Build.0 = Debug|Any CPU
		{A3D54C19-F37F-43F6-9144-C8227CC7808B}.Debug|x86.ActiveCfg = Debug|Any CPU
		{A3D54C19-F37F-43F6-9144-C8227CC7808B}.Debug|x86.Build.0 = Debug|Any CPU
		{A3D54C19-F37F-43F6-9144-C8227CC7808B}.Release|Any CPU.ActiveCfg = Release|Any CPU
		{A3D54C19-F37F-43F6-9144-C8227CC7808B}.Release|Any CPU.Build.0 = Release|Any CPU
		{A3D54C19-F37F-43F6-9144-C8227CC7808B}.Release|x64.ActiveCfg = Release|Any CPU
		{A3D54C19-F37F-43F6-9144-C8227CC7808B}.Release|x64.Build.0 = Release|Any CPU
		{A3D54C19-F37F-43F6-9144-C8227CC7808B}.Release|x86.ActiveCfg = Release|Any CPU
		{A3D54C19-F37F-43F6-9144-C8227CC7808B}.Release|x86.Build.0 = Release|Any CPU
		{89726F7D-FFEC-4149-AE65-5EE31ED8E37F}.Debug|Any CPU.ActiveCfg = Debug|Any CPU
		{89726F7D-FFEC-4149-AE65-5EE31ED8E37F}.Debug|Any CPU.Build.0 = Debug|Any CPU
		{89726F7D-FFEC-4149-AE65-5EE31ED8E37F}.Debug|x64.ActiveCfg = Debug|Any CPU
		{89726F7D-FFEC-4149-AE65-5EE31ED8E37F}.Debug|x64.Build.0 = Debug|Any CPU
		{89726F7D-FFEC-4149-AE65-5EE31ED8E37F}.Debug|x86.ActiveCfg = Debug|Any CPU
		{89726F7D-FFEC-4149-AE65-5EE31ED8E37F}.Debug|x86.Build.0 = Debug|Any CPU
		{89726F7D-FFEC-4149-AE65-5EE31ED8E37F}.Release|Any CPU.ActiveCfg = Release|Any CPU
		{89726F7D-FFEC-4149-AE65-5EE31ED8E37F}.Release|Any CPU.Build.0 = Release|Any CPU
		{89726F7D-FFEC-4149-AE65-5EE31ED8E37F}.Release|x64.ActiveCfg = Release|Any CPU
		{89726F7D-FFEC-4149-AE65-5EE31ED8E37F}.Release|x64.Build.0 = Release|Any CPU
		{89726F7D-FFEC-4149-AE65-5EE31ED8E37F}.Release|x86.ActiveCfg = Release|Any CPU
		{89726F7D-FFEC-4149-AE65-5EE31ED8E37F}.Release|x86.Build.0 = Release|Any CPU
		{4B260811-41DF-4BD9-B840-16B01B9885D8}.Debug|Any CPU.ActiveCfg = Debug|Any CPU
		{4B260811-41DF-4BD9-B840-16B01B9885D8}.Debug|Any CPU.Build.0 = Debug|Any CPU
		{4B260811-41DF-4BD9-B840-16B01B9885D8}.Debug|x64.ActiveCfg = Debug|Any CPU
		{4B260811-41DF-4BD9-B840-16B01B9885D8}.Debug|x64.Build.0 = Debug|Any CPU
		{4B260811-41DF-4BD9-B840-16B01B9885D8}.Debug|x86.ActiveCfg = Debug|Any CPU
		{4B260811-41DF-4BD9-B840-16B01B9885D8}.Debug|x86.Build.0 = Debug|Any CPU
		{4B260811-41DF-4BD9-B840-16B01B9885D8}.Release|Any CPU.ActiveCfg = Release|Any CPU
		{4B260811-41DF-4BD9-B840-16B01B9885D8}.Release|Any CPU.Build.0 = Release|Any CPU
		{4B260811-41DF-4BD9-B840-16B01B9885D8}.Release|x64.ActiveCfg = Release|Any CPU
		{4B260811-41DF-4BD9-B840-16B01B9885D8}.Release|x64.Build.0 = Release|Any CPU
		{4B260811-41DF-4BD9-B840-16B01B9885D8}.Release|x86.ActiveCfg = Release|Any CPU
		{4B260811-41DF-4BD9-B840-16B01B9885D8}.Release|x86.Build.0 = Release|Any CPU
	EndGlobalSection
	GlobalSection(SolutionProperties) = preSolution
		HideSolutionNode = FALSE
	EndGlobalSection
EndGlobal
